// !$*UTF8*$!
{
	archiveVersion = 1;
	classes = {
	};
	objectVersion = 56;
	objects = {

/* Begin PBXBuildFile section */
		2E5FAC192CEB8D1E00FFDF22 /* RickAndMortyTechnicalApp.swift in Sources */ = {isa = PBXBuildFile; fileRef = 2E5FAC182CEB8D1E00FFDF22 /* RickAndMortyTechnicalApp.swift */; };
		2E5FAC1B2CEB8D1E00FFDF22 /* ContentView.swift in Sources */ = {isa = PBXBuildFile; fileRef = 2E5FAC1A2CEB8D1E00FFDF22 /* ContentView.swift */; };
		2E5FAC1D2CEB8D2100FFDF22 /* Assets.xcassets in Resources */ = {isa = PBXBuildFile; fileRef = 2E5FAC1C2CEB8D2100FFDF22 /* Assets.xcassets */; };
		2E5FAC212CEB8D2100FFDF22 /* Preview Assets.xcassets in Resources */ = {isa = PBXBuildFile; fileRef = 2E5FAC202CEB8D2100FFDF22 /* Preview Assets.xcassets */; };
		2E5FAC2B2CEB8D2100FFDF22 /* RickAndMortyTechnicalTests.swift in Sources */ = {isa = PBXBuildFile; fileRef = 2E5FAC2A2CEB8D2100FFDF22 /* RickAndMortyTechnicalTests.swift */; };
		2E5FAC4B2CEB8EF800FFDF22 /* CharacterDatasourceProtocol.swift in Sources */ = {isa = PBXBuildFile; fileRef = 2E5FAC4A2CEB8EF800FFDF22 /* CharacterDatasourceProtocol.swift */; };
		2E5FAC4D2CEB8F2000FFDF22 /* CharacterLocalDatasource.swift in Sources */ = {isa = PBXBuildFile; fileRef = 2E5FAC4C2CEB8F2000FFDF22 /* CharacterLocalDatasource.swift */; };
		2E5FAC4F2CEB8F4B00FFDF22 /* CharacterRemoteDatasource.swift in Sources */ = {isa = PBXBuildFile; fileRef = 2E5FAC4E2CEB8F4B00FFDF22 /* CharacterRemoteDatasource.swift */; };
		2E5FAC522CEB8F7D00FFDF22 /* PaginationDTO.swift in Sources */ = {isa = PBXBuildFile; fileRef = 2E5FAC512CEB8F7D00FFDF22 /* PaginationDTO.swift */; };
		2E5FAC542CEB8F9F00FFDF22 /* CharacterDTO.swift in Sources */ = {isa = PBXBuildFile; fileRef = 2E5FAC532CEB8F9F00FFDF22 /* CharacterDTO.swift */; };
		2E5FAC562CEB8FE900FFDF22 /* LocalManager.swift in Sources */ = {isa = PBXBuildFile; fileRef = 2E5FAC552CEB8FE900FFDF22 /* LocalManager.swift */; };
		2E5FAC582CEB906B00FFDF22 /* RemoteManager.swift in Sources */ = {isa = PBXBuildFile; fileRef = 2E5FAC572CEB906B00FFDF22 /* RemoteManager.swift */; };
		2E5FAC5B2CEB93E500FFDF22 /* CharacterRepositoryProtocol.swift in Sources */ = {isa = PBXBuildFile; fileRef = 2E5FAC5A2CEB93E500FFDF22 /* CharacterRepositoryProtocol.swift */; };
		2E5FAC602CEB943F00FFDF22 /* Pagination.swift in Sources */ = {isa = PBXBuildFile; fileRef = 2E5FAC5F2CEB943F00FFDF22 /* Pagination.swift */; };
		2E5FAC622CEB945900FFDF22 /* Character.swift in Sources */ = {isa = PBXBuildFile; fileRef = 2E5FAC612CEB945900FFDF22 /* Character.swift */; };
		2E5FAC642CEB955100FFDF22 /* CharacterRepository.swift in Sources */ = {isa = PBXBuildFile; fileRef = 2E5FAC632CEB955100FFDF22 /* CharacterRepository.swift */; };
		2E5FAC662CEB96AF00FFDF22 /* CharacterUseCase.swift in Sources */ = {isa = PBXBuildFile; fileRef = 2E5FAC652CEB96AF00FFDF22 /* CharacterUseCase.swift */; };
/* End PBXBuildFile section */

/* Begin PBXContainerItemProxy section */
		2E5FAC272CEB8D2100FFDF22 /* PBXContainerItemProxy */ = {
			isa = PBXContainerItemProxy;
			containerPortal = 2E5FAC0D2CEB8D1E00FFDF22 /* Project object */;
			proxyType = 1;
			remoteGlobalIDString = 2E5FAC142CEB8D1E00FFDF22;
			remoteInfo = RickAndMortyTechnical;
		};
		2E5FAC312CEB8D2100FFDF22 /* PBXContainerItemProxy */ = {
			isa = PBXContainerItemProxy;
			containerPortal = 2E5FAC0D2CEB8D1E00FFDF22 /* Project object */;
			proxyType = 1;
			remoteGlobalIDString = 2E5FAC142CEB8D1E00FFDF22;
			remoteInfo = RickAndMortyTechnical;
		};
/* End PBXContainerItemProxy section */

/* Begin PBXFileReference section */
		2E5FAC152CEB8D1E00FFDF22 /* RickAndMortyTechnical.app */ = {isa = PBXFileReference; explicitFileType = wrapper.application; includeInIndex = 0; path = RickAndMortyTechnical.app; sourceTree = BUILT_PRODUCTS_DIR; };
		2E5FAC182CEB8D1E00FFDF22 /* RickAndMortyTechnicalApp.swift */ = {isa = PBXFileReference; lastKnownFileType = sourcecode.swift; path = RickAndMortyTechnicalApp.swift; sourceTree = "<group>"; };
		2E5FAC1A2CEB8D1E00FFDF22 /* ContentView.swift */ = {isa = PBXFileReference; lastKnownFileType = sourcecode.swift; path = ContentView.swift; sourceTree = "<group>"; };
		2E5FAC1C2CEB8D2100FFDF22 /* Assets.xcassets */ = {isa = PBXFileReference; lastKnownFileType = folder.assetcatalog; path = Assets.xcassets; sourceTree = "<group>"; };
		2E5FAC1E2CEB8D2100FFDF22 /* RickAndMortyTechnical.entitlements */ = {isa = PBXFileReference; lastKnownFileType = text.plist.entitlements; path = RickAndMortyTechnical.entitlements; sourceTree = "<group>"; };
		2E5FAC202CEB8D2100FFDF22 /* Preview Assets.xcassets */ = {isa = PBXFileReference; lastKnownFileType = folder.assetcatalog; path = "Preview Assets.xcassets"; sourceTree = "<group>"; };
		2E5FAC262CEB8D2100FFDF22 /* RickAndMortyTechnicalTests.xctest */ = {isa = PBXFileReference; explicitFileType = wrapper.cfbundle; includeInIndex = 0; path = RickAndMortyTechnicalTests.xctest; sourceTree = BUILT_PRODUCTS_DIR; };
		2E5FAC2A2CEB8D2100FFDF22 /* RickAndMortyTechnicalTests.swift */ = {isa = PBXFileReference; lastKnownFileType = sourcecode.swift; path = RickAndMortyTechnicalTests.swift; sourceTree = "<group>"; };
		2E5FAC302CEB8D2100FFDF22 /* RickAndMortyTechnicalUITests.xctest */ = {isa = PBXFileReference; explicitFileType = wrapper.cfbundle; includeInIndex = 0; path = RickAndMortyTechnicalUITests.xctest; sourceTree = BUILT_PRODUCTS_DIR; };
		2E5FAC4A2CEB8EF800FFDF22 /* CharacterDatasourceProtocol.swift */ = {isa = PBXFileReference; lastKnownFileType = sourcecode.swift; path = CharacterDatasourceProtocol.swift; sourceTree = "<group>"; };
		2E5FAC4C2CEB8F2000FFDF22 /* CharacterLocalDatasource.swift */ = {isa = PBXFileReference; lastKnownFileType = sourcecode.swift; path = CharacterLocalDatasource.swift; sourceTree = "<group>"; };
		2E5FAC4E2CEB8F4B00FFDF22 /* CharacterRemoteDatasource.swift */ = {isa = PBXFileReference; lastKnownFileType = sourcecode.swift; path = CharacterRemoteDatasource.swift; sourceTree = "<group>"; };
		2E5FAC512CEB8F7D00FFDF22 /* PaginationDTO.swift */ = {isa = PBXFileReference; lastKnownFileType = sourcecode.swift; path = PaginationDTO.swift; sourceTree = "<group>"; };
		2E5FAC532CEB8F9F00FFDF22 /* CharacterDTO.swift */ = {isa = PBXFileReference; lastKnownFileType = sourcecode.swift; path = CharacterDTO.swift; sourceTree = "<group>"; };
		2E5FAC552CEB8FE900FFDF22 /* LocalManager.swift */ = {isa = PBXFileReference; lastKnownFileType = sourcecode.swift; path = LocalManager.swift; sourceTree = "<group>"; };
		2E5FAC572CEB906B00FFDF22 /* RemoteManager.swift */ = {isa = PBXFileReference; lastKnownFileType = sourcecode.swift; path = RemoteManager.swift; sourceTree = "<group>"; };
		2E5FAC5A2CEB93E500FFDF22 /* CharacterRepositoryProtocol.swift */ = {isa = PBXFileReference; lastKnownFileType = sourcecode.swift; path = CharacterRepositoryProtocol.swift; sourceTree = "<group>"; };
		2E5FAC5F2CEB943F00FFDF22 /* Pagination.swift */ = {isa = PBXFileReference; lastKnownFileType = sourcecode.swift; path = Pagination.swift; sourceTree = "<group>"; };
		2E5FAC612CEB945900FFDF22 /* Character.swift */ = {isa = PBXFileReference; lastKnownFileType = sourcecode.swift; path = Character.swift; sourceTree = "<group>"; };
		2E5FAC632CEB955100FFDF22 /* CharacterRepository.swift */ = {isa = PBXFileReference; lastKnownFileType = sourcecode.swift; path = CharacterRepository.swift; sourceTree = "<group>"; };
		2E5FAC652CEB96AF00FFDF22 /* CharacterUseCase.swift */ = {isa = PBXFileReference; lastKnownFileType = sourcecode.swift; path = CharacterUseCase.swift; sourceTree = "<group>"; };
/* End PBXFileReference section */

/* Begin PBXFrameworksBuildPhase section */
		2E5FAC122CEB8D1E00FFDF22 /* Frameworks */ = {
			isa = PBXFrameworksBuildPhase;
			buildActionMask = 2147483647;
			files = (
			);
			runOnlyForDeploymentPostprocessing = 0;
		};
		2E5FAC232CEB8D2100FFDF22 /* Frameworks */ = {
			isa = PBXFrameworksBuildPhase;
			buildActionMask = 2147483647;
			files = (
			);
			runOnlyForDeploymentPostprocessing = 0;
		};
		2E5FAC2D2CEB8D2100FFDF22 /* Frameworks */ = {
			isa = PBXFrameworksBuildPhase;
			buildActionMask = 2147483647;
			files = (
			);
			runOnlyForDeploymentPostprocessing = 0;
		};
/* End PBXFrameworksBuildPhase section */

/* Begin PBXGroup section */
		2E5FAC0C2CEB8D1E00FFDF22 = {
			isa = PBXGroup;
			children = (
				2E5FAC172CEB8D1E00FFDF22 /* RickAndMortyTechnical */,
				2E5FAC292CEB8D2100FFDF22 /* RickAndMortyTechnicalTests */,
				2E5FAC162CEB8D1E00FFDF22 /* Products */,
			);
			sourceTree = "<group>";
		};
		2E5FAC162CEB8D1E00FFDF22 /* Products */ = {
			isa = PBXGroup;
			children = (
				2E5FAC152CEB8D1E00FFDF22 /* RickAndMortyTechnical.app */,
				2E5FAC262CEB8D2100FFDF22 /* RickAndMortyTechnicalTests.xctest */,
				2E5FAC302CEB8D2100FFDF22 /* RickAndMortyTechnicalUITests.xctest */,
			);
			name = Products;
			sourceTree = "<group>";
		};
		2E5FAC172CEB8D1E00FFDF22 /* RickAndMortyTechnical */ = {
			isa = PBXGroup;
			children = (
				2E5FAC432CEB8E7D00FFDF22 /* Data */,
				2E5FAC442CEB8E8400FFDF22 /* Domain */,
				2E5FAC452CEB8E9200FFDF22 /* Presentation */,
				2E5FAC672CEB999C00FFDF22 /* Resources */,
				2E5FAC1F2CEB8D2100FFDF22 /* Preview Content */,
			);
			path = RickAndMortyTechnical;
			sourceTree = "<group>";
		};
		2E5FAC1F2CEB8D2100FFDF22 /* Preview Content */ = {
			isa = PBXGroup;
			children = (
				2E5FAC202CEB8D2100FFDF22 /* Preview Assets.xcassets */,
			);
			path = "Preview Content";
			sourceTree = "<group>";
		};
		2E5FAC292CEB8D2100FFDF22 /* RickAndMortyTechnicalTests */ = {
			isa = PBXGroup;
			children = (
				2E5FAC2A2CEB8D2100FFDF22 /* RickAndMortyTechnicalTests.swift */,
			);
			path = RickAndMortyTechnicalTests;
			sourceTree = "<group>";
		};
		2E5FAC432CEB8E7D00FFDF22 /* Data */ = {
			isa = PBXGroup;
			children = (
				2E5FAC552CEB8FE900FFDF22 /* LocalManager.swift */,
				2E5FAC572CEB906B00FFDF22 /* RemoteManager.swift */,
				2E5FAC462CEB8EA400FFDF22 /* Datasource */,
				2E5FAC592CEB92B900FFDF22 /* Repository */,
				2E5FAC502CEB8F6900FFDF22 /* DTO */,
			);
			path = Data;
			sourceTree = "<group>";
		};
		2E5FAC442CEB8E8400FFDF22 /* Domain */ = {
			isa = PBXGroup;
			children = (
				2E5FAC5D2CEB941600FFDF22 /* Repository */,
				2E5FAC5C2CEB940600FFDF22 /* UseCase */,
				2E5FAC5E2CEB941E00FFDF22 /* Entity */,
			);
			path = Domain;
			sourceTree = "<group>";
		};
		2E5FAC452CEB8E9200FFDF22 /* Presentation */ = {
			isa = PBXGroup;
			children = (
				2E5FAC1A2CEB8D1E00FFDF22 /* ContentView.swift */,
				2E5FAC182CEB8D1E00FFDF22 /* RickAndMortyTechnicalApp.swift */,
			);
			path = Presentation;
			sourceTree = "<group>";
		};
		2E5FAC462CEB8EA400FFDF22 /* Datasource */ = {
			isa = PBXGroup;
			children = (
				2E5FAC472CEB8EB500FFDF22 /* Protocol */,
				2E5FAC482CEB8EBB00FFDF22 /* Local */,
				2E5FAC492CEB8EC400FFDF22 /* Remote */,
			);
			path = Datasource;
			sourceTree = "<group>";
		};
		2E5FAC472CEB8EB500FFDF22 /* Protocol */ = {
			isa = PBXGroup;
			children = (
				2E5FAC4A2CEB8EF800FFDF22 /* CharacterDatasourceProtocol.swift */,
			);
			path = Protocol;
			sourceTree = "<group>";
		};
		2E5FAC482CEB8EBB00FFDF22 /* Local */ = {
			isa = PBXGroup;
			children = (
				2E5FAC4C2CEB8F2000FFDF22 /* CharacterLocalDatasource.swift */,
			);
			path = Local;
			sourceTree = "<group>";
		};
		2E5FAC492CEB8EC400FFDF22 /* Remote */ = {
			isa = PBXGroup;
			children = (
				2E5FAC4E2CEB8F4B00FFDF22 /* CharacterRemoteDatasource.swift */,
			);
			path = Remote;
			sourceTree = "<group>";
		};
		2E5FAC502CEB8F6900FFDF22 /* DTO */ = {
			isa = PBXGroup;
			children = (
				2E5FAC512CEB8F7D00FFDF22 /* PaginationDTO.swift */,
				2E5FAC532CEB8F9F00FFDF22 /* CharacterDTO.swift */,
			);
			path = DTO;
			sourceTree = "<group>";
		};
		2E5FAC592CEB92B900FFDF22 /* Repository */ = {
			isa = PBXGroup;
			children = (
				2E5FAC5A2CEB93E500FFDF22 /* CharacterRepositoryProtocol.swift */,
			);
			path = Repository;
			sourceTree = "<group>";
		};
		2E5FAC5C2CEB940600FFDF22 /* UseCase */ = {
			isa = PBXGroup;
			children = (
				2E5FAC652CEB96AF00FFDF22 /* CharacterUseCase.swift */,
			);
			path = UseCase;
			sourceTree = "<group>";
		};
		2E5FAC5D2CEB941600FFDF22 /* Repository */ = {
			isa = PBXGroup;
			children = (
				2E5FAC632CEB955100FFDF22 /* CharacterRepository.swift */,
			);
			path = Repository;
			sourceTree = "<group>";
		};
		2E5FAC5E2CEB941E00FFDF22 /* Entity */ = {
			isa = PBXGroup;
			children = (
				2E5FAC5F2CEB943F00FFDF22 /* Pagination.swift */,
				2E5FAC612CEB945900FFDF22 /* Character.swift */,
			);
			path = Entity;
			sourceTree = "<group>";
		};
		2E5FAC672CEB999C00FFDF22 /* Resources */ = {
			isa = PBXGroup;
			children = (
				2E5FAC1E2CEB8D2100FFDF22 /* RickAndMortyTechnical.entitlements */,
				2E5FAC1C2CEB8D2100FFDF22 /* Assets.xcassets */,
			);
			path = Resources;
			sourceTree = "<group>";
		};
/* End PBXGroup section */

/* Begin PBXNativeTarget section */
		2E5FAC142CEB8D1E00FFDF22 /* RickAndMortyTechnical */ = {
			isa = PBXNativeTarget;
			buildConfigurationList = 2E5FAC3A2CEB8D2100FFDF22 /* Build configuration list for PBXNativeTarget "RickAndMortyTechnical" */;
			buildPhases = (
				2E5FAC112CEB8D1E00FFDF22 /* Sources */,
				2E5FAC122CEB8D1E00FFDF22 /* Frameworks */,
				2E5FAC132CEB8D1E00FFDF22 /* Resources */,
			);
			buildRules = (
			);
			dependencies = (
			);
			name = RickAndMortyTechnical;
			productName = RickAndMortyTechnical;
			productReference = 2E5FAC152CEB8D1E00FFDF22 /* RickAndMortyTechnical.app */;
			productType = "com.apple.product-type.application";
		};
		2E5FAC252CEB8D2100FFDF22 /* RickAndMortyTechnicalTests */ = {
			isa = PBXNativeTarget;
			buildConfigurationList = 2E5FAC3D2CEB8D2100FFDF22 /* Build configuration list for PBXNativeTarget "RickAndMortyTechnicalTests" */;
			buildPhases = (
				2E5FAC222CEB8D2100FFDF22 /* Sources */,
				2E5FAC232CEB8D2100FFDF22 /* Frameworks */,
				2E5FAC242CEB8D2100FFDF22 /* Resources */,
			);
			buildRules = (
			);
			dependencies = (
				2E5FAC282CEB8D2100FFDF22 /* PBXTargetDependency */,
			);
			name = RickAndMortyTechnicalTests;
			productName = RickAndMortyTechnicalTests;
			productReference = 2E5FAC262CEB8D2100FFDF22 /* RickAndMortyTechnicalTests.xctest */;
			productType = "com.apple.product-type.bundle.unit-test";
		};
		2E5FAC2F2CEB8D2100FFDF22 /* RickAndMortyTechnicalUITests */ = {
			isa = PBXNativeTarget;
			buildConfigurationList = 2E5FAC402CEB8D2100FFDF22 /* Build configuration list for PBXNativeTarget "RickAndMortyTechnicalUITests" */;
			buildPhases = (
				2E5FAC2C2CEB8D2100FFDF22 /* Sources */,
				2E5FAC2D2CEB8D2100FFDF22 /* Frameworks */,
				2E5FAC2E2CEB8D2100FFDF22 /* Resources */,
			);
			buildRules = (
			);
			dependencies = (
				2E5FAC322CEB8D2100FFDF22 /* PBXTargetDependency */,
			);
			name = RickAndMortyTechnicalUITests;
			productName = RickAndMortyTechnicalUITests;
			productReference = 2E5FAC302CEB8D2100FFDF22 /* RickAndMortyTechnicalUITests.xctest */;
			productType = "com.apple.product-type.bundle.ui-testing";
		};
/* End PBXNativeTarget section */

/* Begin PBXProject section */
		2E5FAC0D2CEB8D1E00FFDF22 /* Project object */ = {
			isa = PBXProject;
			attributes = {
				BuildIndependentTargetsInParallel = 1;
				LastSwiftUpdateCheck = 1540;
				LastUpgradeCheck = 1540;
				TargetAttributes = {
					2E5FAC142CEB8D1E00FFDF22 = {
						CreatedOnToolsVersion = 15.4;
					};
					2E5FAC252CEB8D2100FFDF22 = {
						CreatedOnToolsVersion = 15.4;
						TestTargetID = 2E5FAC142CEB8D1E00FFDF22;
					};
					2E5FAC2F2CEB8D2100FFDF22 = {
						CreatedOnToolsVersion = 15.4;
						TestTargetID = 2E5FAC142CEB8D1E00FFDF22;
					};
				};
			};
			buildConfigurationList = 2E5FAC102CEB8D1E00FFDF22 /* Build configuration list for PBXProject "RickAndMortyTechnical" */;
			compatibilityVersion = "Xcode 14.0";
			developmentRegion = en;
			hasScannedForEncodings = 0;
			knownRegions = (
				en,
				Base,
			);
			mainGroup = 2E5FAC0C2CEB8D1E00FFDF22;
			productRefGroup = 2E5FAC162CEB8D1E00FFDF22 /* Products */;
			projectDirPath = "";
			projectRoot = "";
			targets = (
				2E5FAC142CEB8D1E00FFDF22 /* RickAndMortyTechnical */,
				2E5FAC252CEB8D2100FFDF22 /* RickAndMortyTechnicalTests */,
				2E5FAC2F2CEB8D2100FFDF22 /* RickAndMortyTechnicalUITests */,
			);
		};
/* End PBXProject section */

/* Begin PBXResourcesBuildPhase section */
		2E5FAC132CEB8D1E00FFDF22 /* Resources */ = {
			isa = PBXResourcesBuildPhase;
			buildActionMask = 2147483647;
			files = (
				2E5FAC212CEB8D2100FFDF22 /* Preview Assets.xcassets in Resources */,
				2E5FAC1D2CEB8D2100FFDF22 /* Assets.xcassets in Resources */,
			);
			runOnlyForDeploymentPostprocessing = 0;
		};
		2E5FAC242CEB8D2100FFDF22 /* Resources */ = {
			isa = PBXResourcesBuildPhase;
			buildActionMask = 2147483647;
			files = (
			);
			runOnlyForDeploymentPostprocessing = 0;
		};
		2E5FAC2E2CEB8D2100FFDF22 /* Resources */ = {
			isa = PBXResourcesBuildPhase;
			buildActionMask = 2147483647;
			files = (
			);
			runOnlyForDeploymentPostprocessing = 0;
		};
/* End PBXResourcesBuildPhase section */

/* Begin PBXSourcesBuildPhase section */
		2E5FAC112CEB8D1E00FFDF22 /* Sources */ = {
			isa = PBXSourcesBuildPhase;
			buildActionMask = 2147483647;
			files = (
				2E5FAC582CEB906B00FFDF22 /* RemoteManager.swift in Sources */,
				2E5FAC4D2CEB8F2000FFDF22 /* CharacterLocalDatasource.swift in Sources */,
				2E5FAC1B2CEB8D1E00FFDF22 /* ContentView.swift in Sources */,
				2E5FAC622CEB945900FFDF22 /* Character.swift in Sources */,
				2E5FAC4F2CEB8F4B00FFDF22 /* CharacterRemoteDatasource.swift in Sources */,
				2E5FAC662CEB96AF00FFDF22 /* CharacterUseCase.swift in Sources */,
				2E5FAC562CEB8FE900FFDF22 /* LocalManager.swift in Sources */,
				2E5FAC5B2CEB93E500FFDF22 /* CharacterRepositoryProtocol.swift in Sources */,
				2E5FAC642CEB955100FFDF22 /* CharacterRepository.swift in Sources */,
				2E5FAC542CEB8F9F00FFDF22 /* CharacterDTO.swift in Sources */,
				2E5FAC602CEB943F00FFDF22 /* Pagination.swift in Sources */,
				2E5FAC192CEB8D1E00FFDF22 /* RickAndMortyTechnicalApp.swift in Sources */,
				2E5FAC4B2CEB8EF800FFDF22 /* CharacterDatasourceProtocol.swift in Sources */,
				2E5FAC522CEB8F7D00FFDF22 /* PaginationDTO.swift in Sources */,
			);
			runOnlyForDeploymentPostprocessing = 0;
		};
		2E5FAC222CEB8D2100FFDF22 /* Sources */ = {
			isa = PBXSourcesBuildPhase;
			buildActionMask = 2147483647;
			files = (
				2E5FAC2B2CEB8D2100FFDF22 /* RickAndMortyTechnicalTests.swift in Sources */,
			);
			runOnlyForDeploymentPostprocessing = 0;
		};
		2E5FAC2C2CEB8D2100FFDF22 /* Sources */ = {
			isa = PBXSourcesBuildPhase;
			buildActionMask = 2147483647;
			files = (
			);
			runOnlyForDeploymentPostprocessing = 0;
		};
/* End PBXSourcesBuildPhase section */

/* Begin PBXTargetDependency section */
		2E5FAC282CEB8D2100FFDF22 /* PBXTargetDependency */ = {
			isa = PBXTargetDependency;
			target = 2E5FAC142CEB8D1E00FFDF22 /* RickAndMortyTechnical */;
			targetProxy = 2E5FAC272CEB8D2100FFDF22 /* PBXContainerItemProxy */;
		};
		2E5FAC322CEB8D2100FFDF22 /* PBXTargetDependency */ = {
			isa = PBXTargetDependency;
			target = 2E5FAC142CEB8D1E00FFDF22 /* RickAndMortyTechnical */;
			targetProxy = 2E5FAC312CEB8D2100FFDF22 /* PBXContainerItemProxy */;
		};
/* End PBXTargetDependency section */

/* Begin XCBuildConfiguration section */
		2E5FAC382CEB8D2100FFDF22 /* Debug */ = {
			isa = XCBuildConfiguration;
			buildSettings = {
				ALWAYS_SEARCH_USER_PATHS = NO;
				ASSETCATALOG_COMPILER_GENERATE_SWIFT_ASSET_SYMBOL_EXTENSIONS = YES;
				CLANG_ANALYZER_NONNULL = YES;
				CLANG_ANALYZER_NUMBER_OBJECT_CONVERSION = YES_AGGRESSIVE;
				CLANG_CXX_LANGUAGE_STANDARD = "gnu++20";
				CLANG_ENABLE_MODULES = YES;
				CLANG_ENABLE_OBJC_ARC = YES;
				CLANG_ENABLE_OBJC_WEAK = YES;
				CLANG_WARN_BLOCK_CAPTURE_AUTORELEASING = YES;
				CLANG_WARN_BOOL_CONVERSION = YES;
				CLANG_WARN_COMMA = YES;
				CLANG_WARN_CONSTANT_CONVERSION = YES;
				CLANG_WARN_DEPRECATED_OBJC_IMPLEMENTATIONS = YES;
				CLANG_WARN_DIRECT_OBJC_ISA_USAGE = YES_ERROR;
				CLANG_WARN_DOCUMENTATION_COMMENTS = YES;
				CLANG_WARN_EMPTY_BODY = YES;
				CLANG_WARN_ENUM_CONVERSION = YES;
				CLANG_WARN_INFINITE_RECURSION = YES;
				CLANG_WARN_INT_CONVERSION = YES;
				CLANG_WARN_NON_LITERAL_NULL_CONVERSION = YES;
				CLANG_WARN_OBJC_IMPLICIT_RETAIN_SELF = YES;
				CLANG_WARN_OBJC_LITERAL_CONVERSION = YES;
				CLANG_WARN_OBJC_ROOT_CLASS = YES_ERROR;
				CLANG_WARN_QUOTED_INCLUDE_IN_FRAMEWORK_HEADER = YES;
				CLANG_WARN_RANGE_LOOP_ANALYSIS = YES;
				CLANG_WARN_STRICT_PROTOTYPES = YES;
				CLANG_WARN_SUSPICIOUS_MOVE = YES;
				CLANG_WARN_UNGUARDED_AVAILABILITY = YES_AGGRESSIVE;
				CLANG_WARN_UNREACHABLE_CODE = YES;
				CLANG_WARN__DUPLICATE_METHOD_MATCH = YES;
				COPY_PHASE_STRIP = NO;
				DEBUG_INFORMATION_FORMAT = dwarf;
				ENABLE_STRICT_OBJC_MSGSEND = YES;
				ENABLE_TESTABILITY = YES;
				ENABLE_USER_SCRIPT_SANDBOXING = YES;
				GCC_C_LANGUAGE_STANDARD = gnu17;
				GCC_DYNAMIC_NO_PIC = NO;
				GCC_NO_COMMON_BLOCKS = YES;
				GCC_OPTIMIZATION_LEVEL = 0;
				GCC_PREPROCESSOR_DEFINITIONS = (
					"DEBUG=1",
					"$(inherited)",
				);
				GCC_WARN_64_TO_32_BIT_CONVERSION = YES;
				GCC_WARN_ABOUT_RETURN_TYPE = YES_ERROR;
				GCC_WARN_UNDECLARED_SELECTOR = YES;
				GCC_WARN_UNINITIALIZED_AUTOS = YES_AGGRESSIVE;
				GCC_WARN_UNUSED_FUNCTION = YES;
				GCC_WARN_UNUSED_VARIABLE = YES;
				LOCALIZATION_PREFERS_STRING_CATALOGS = YES;
				MTL_ENABLE_DEBUG_INFO = INCLUDE_SOURCE;
				MTL_FAST_MATH = YES;
				ONLY_ACTIVE_ARCH = YES;
				SWIFT_ACTIVE_COMPILATION_CONDITIONS = "DEBUG $(inherited)";
				SWIFT_OPTIMIZATION_LEVEL = "-Onone";
			};
			name = Debug;
		};
		2E5FAC392CEB8D2100FFDF22 /* Release */ = {
			isa = XCBuildConfiguration;
			buildSettings = {
				ALWAYS_SEARCH_USER_PATHS = NO;
				ASSETCATALOG_COMPILER_GENERATE_SWIFT_ASSET_SYMBOL_EXTENSIONS = YES;
				CLANG_ANALYZER_NONNULL = YES;
				CLANG_ANALYZER_NUMBER_OBJECT_CONVERSION = YES_AGGRESSIVE;
				CLANG_CXX_LANGUAGE_STANDARD = "gnu++20";
				CLANG_ENABLE_MODULES = YES;
				CLANG_ENABLE_OBJC_ARC = YES;
				CLANG_ENABLE_OBJC_WEAK = YES;
				CLANG_WARN_BLOCK_CAPTURE_AUTORELEASING = YES;
				CLANG_WARN_BOOL_CONVERSION = YES;
				CLANG_WARN_COMMA = YES;
				CLANG_WARN_CONSTANT_CONVERSION = YES;
				CLANG_WARN_DEPRECATED_OBJC_IMPLEMENTATIONS = YES;
				CLANG_WARN_DIRECT_OBJC_ISA_USAGE = YES_ERROR;
				CLANG_WARN_DOCUMENTATION_COMMENTS = YES;
				CLANG_WARN_EMPTY_BODY = YES;
				CLANG_WARN_ENUM_CONVERSION = YES;
				CLANG_WARN_INFINITE_RECURSION = YES;
				CLANG_WARN_INT_CONVERSION = YES;
				CLANG_WARN_NON_LITERAL_NULL_CONVERSION = YES;
				CLANG_WARN_OBJC_IMPLICIT_RETAIN_SELF = YES;
				CLANG_WARN_OBJC_LITERAL_CONVERSION = YES;
				CLANG_WARN_OBJC_ROOT_CLASS = YES_ERROR;
				CLANG_WARN_QUOTED_INCLUDE_IN_FRAMEWORK_HEADER = YES;
				CLANG_WARN_RANGE_LOOP_ANALYSIS = YES;
				CLANG_WARN_STRICT_PROTOTYPES = YES;
				CLANG_WARN_SUSPICIOUS_MOVE = YES;
				CLANG_WARN_UNGUARDED_AVAILABILITY = YES_AGGRESSIVE;
				CLANG_WARN_UNREACHABLE_CODE = YES;
				CLANG_WARN__DUPLICATE_METHOD_MATCH = YES;
				COPY_PHASE_STRIP = NO;
				DEBUG_INFORMATION_FORMAT = "dwarf-with-dsym";
				ENABLE_NS_ASSERTIONS = NO;
				ENABLE_STRICT_OBJC_MSGSEND = YES;
				ENABLE_USER_SCRIPT_SANDBOXING = YES;
				GCC_C_LANGUAGE_STANDARD = gnu17;
				GCC_NO_COMMON_BLOCKS = YES;
				GCC_WARN_64_TO_32_BIT_CONVERSION = YES;
				GCC_WARN_ABOUT_RETURN_TYPE = YES_ERROR;
				GCC_WARN_UNDECLARED_SELECTOR = YES;
				GCC_WARN_UNINITIALIZED_AUTOS = YES_AGGRESSIVE;
				GCC_WARN_UNUSED_FUNCTION = YES;
				GCC_WARN_UNUSED_VARIABLE = YES;
				LOCALIZATION_PREFERS_STRING_CATALOGS = YES;
				MTL_ENABLE_DEBUG_INFO = NO;
				MTL_FAST_MATH = YES;
				SWIFT_COMPILATION_MODE = wholemodule;
			};
			name = Release;
		};
		2E5FAC3B2CEB8D2100FFDF22 /* Debug */ = {
			isa = XCBuildConfiguration;
			buildSettings = {
				ASSETCATALOG_COMPILER_APPICON_NAME = AppIcon;
				ASSETCATALOG_COMPILER_GLOBAL_ACCENT_COLOR_NAME = AccentColor;
				CODE_SIGN_ENTITLEMENTS = RickAndMortyTechnical/RickAndMortyTechnical.entitlements;
				CODE_SIGN_STYLE = Automatic;
				CURRENT_PROJECT_VERSION = 1;
				DEVELOPMENT_ASSET_PATHS = "\"RickAndMortyTechnical/Preview Content\"";
				DEVELOPMENT_TEAM = KST9GUG33Q;
				ENABLE_HARDENED_RUNTIME = YES;
				ENABLE_PREVIEWS = YES;
				GENERATE_INFOPLIST_FILE = YES;
				"INFOPLIST_KEY_UIApplicationSceneManifest_Generation[sdk=iphoneos*]" = YES;
				"INFOPLIST_KEY_UIApplicationSceneManifest_Generation[sdk=iphonesimulator*]" = YES;
				"INFOPLIST_KEY_UIApplicationSupportsIndirectInputEvents[sdk=iphoneos*]" = YES;
				"INFOPLIST_KEY_UIApplicationSupportsIndirectInputEvents[sdk=iphonesimulator*]" = YES;
				"INFOPLIST_KEY_UILaunchScreen_Generation[sdk=iphoneos*]" = YES;
				"INFOPLIST_KEY_UILaunchScreen_Generation[sdk=iphonesimulator*]" = YES;
				"INFOPLIST_KEY_UIStatusBarStyle[sdk=iphoneos*]" = UIStatusBarStyleDefault;
				"INFOPLIST_KEY_UIStatusBarStyle[sdk=iphonesimulator*]" = UIStatusBarStyleDefault;
				INFOPLIST_KEY_UISupportedInterfaceOrientations_iPad = "UIInterfaceOrientationPortrait UIInterfaceOrientationPortraitUpsideDown UIInterfaceOrientationLandscapeLeft UIInterfaceOrientationLandscapeRight";
				INFOPLIST_KEY_UISupportedInterfaceOrientations_iPhone = "UIInterfaceOrientationPortrait UIInterfaceOrientationLandscapeLeft UIInterfaceOrientationLandscapeRight";
				IPHONEOS_DEPLOYMENT_TARGET = 17.5;
				LD_RUNPATH_SEARCH_PATHS = "@executable_path/Frameworks";
				"LD_RUNPATH_SEARCH_PATHS[sdk=macosx*]" = "@executable_path/../Frameworks";
				MACOSX_DEPLOYMENT_TARGET = 14.5;
				MARKETING_VERSION = 1.0;
				PRODUCT_BUNDLE_IDENTIFIER = JoanDev.RickAndMortyTechnical;
				PRODUCT_NAME = "$(TARGET_NAME)";
				SDKROOT = auto;
				SUPPORTED_PLATFORMS = "iphoneos iphonesimulator macosx";
				SWIFT_EMIT_LOC_STRINGS = YES;
				SWIFT_VERSION = 5.0;
				TARGETED_DEVICE_FAMILY = "1,2";
			};
			name = Debug;
		};
		2E5FAC3C2CEB8D2100FFDF22 /* Release */ = {
			isa = XCBuildConfiguration;
			buildSettings = {
				ASSETCATALOG_COMPILER_APPICON_NAME = AppIcon;
				ASSETCATALOG_COMPILER_GLOBAL_ACCENT_COLOR_NAME = AccentColor;
				CODE_SIGN_ENTITLEMENTS = RickAndMortyTechnical/RickAndMortyTechnical.entitlements;
				CODE_SIGN_STYLE = Automatic;
				CURRENT_PROJECT_VERSION = 1;
				DEVELOPMENT_ASSET_PATHS = "\"RickAndMortyTechnical/Preview Content\"";
				DEVELOPMENT_TEAM = KST9GUG33Q;
				ENABLE_HARDENED_RUNTIME = YES;
				ENABLE_PREVIEWS = YES;
				GENERATE_INFOPLIST_FILE = YES;
				"INFOPLIST_KEY_UIApplicationSceneManifest_Generation[sdk=iphoneos*]" = YES;
				"INFOPLIST_KEY_UIApplicationSceneManifest_Generation[sdk=iphonesimulator*]" = YES;
				"INFOPLIST_KEY_UIApplicationSupportsIndirectInputEvents[sdk=iphoneos*]" = YES;
				"INFOPLIST_KEY_UIApplicationSupportsIndirectInputEvents[sdk=iphonesimulator*]" = YES;
				"INFOPLIST_KEY_UILaunchScreen_Generation[sdk=iphoneos*]" = YES;
				"INFOPLIST_KEY_UILaunchScreen_Generation[sdk=iphonesimulator*]" = YES;
				"INFOPLIST_KEY_UIStatusBarStyle[sdk=iphoneos*]" = UIStatusBarStyleDefault;
				"INFOPLIST_KEY_UIStatusBarStyle[sdk=iphonesimulator*]" = UIStatusBarStyleDefault;
				INFOPLIST_KEY_UISupportedInterfaceOrientations_iPad = "UIInterfaceOrientationPortrait UIInterfaceOrientationPortraitUpsideDown UIInterfaceOrientationLandscapeLeft UIInterfaceOrientationLandscapeRight";
				INFOPLIST_KEY_UISupportedInterfaceOrientations_iPhone = "UIInterfaceOrientationPortrait UIInterfaceOrientationLandscapeLeft UIInterfaceOrientationLandscapeRight";
				IPHONEOS_DEPLOYMENT_TARGET = 17.5;
				LD_RUNPATH_SEARCH_PATHS = "@executable_path/Frameworks";
				"LD_RUNPATH_SEARCH_PATHS[sdk=macosx*]" = "@executable_path/../Frameworks";
				MACOSX_DEPLOYMENT_TARGET = 14.5;
				MARKETING_VERSION = 1.0;
				PRODUCT_BUNDLE_IDENTIFIER = JoanDev.RickAndMortyTechnical;
				PRODUCT_NAME = "$(TARGET_NAME)";
				SDKROOT = auto;
				SUPPORTED_PLATFORMS = "iphoneos iphonesimulator macosx";
				SWIFT_EMIT_LOC_STRINGS = YES;
				SWIFT_VERSION = 5.0;
				TARGETED_DEVICE_FAMILY = "1,2";
			};
			name = Release;
		};
		2E5FAC3E2CEB8D2100FFDF22 /* Debug */ = {
			isa = XCBuildConfiguration;
			buildSettings = {
				ALWAYS_EMBED_SWIFT_STANDARD_LIBRARIES = YES;
				BUNDLE_LOADER = "$(TEST_HOST)";
				CODE_SIGN_STYLE = Automatic;
				CURRENT_PROJECT_VERSION = 1;
				DEVELOPMENT_TEAM = KST9GUG33Q;
				GENERATE_INFOPLIST_FILE = YES;
				IPHONEOS_DEPLOYMENT_TARGET = 17.5;
				MACOSX_DEPLOYMENT_TARGET = 14.5;
				MARKETING_VERSION = 1.0;
				PRODUCT_BUNDLE_IDENTIFIER = JoanDev.RickAndMortyTechnicalTests;
				PRODUCT_NAME = "$(TARGET_NAME)";
				SDKROOT = auto;
				SUPPORTED_PLATFORMS = "iphoneos iphonesimulator macosx";
				SWIFT_EMIT_LOC_STRINGS = NO;
				SWIFT_VERSION = 5.0;
				TARGETED_DEVICE_FAMILY = "1,2";
				TEST_HOST = "$(BUILT_PRODUCTS_DIR)/RickAndMortyTechnical.app/$(BUNDLE_EXECUTABLE_FOLDER_PATH)/RickAndMortyTechnical";
			};
			name = Debug;
		};
		2E5FAC3F2CEB8D2100FFDF22 /* Release */ = {
			isa = XCBuildConfiguration;
			buildSettings = {
				ALWAYS_EMBED_SWIFT_STANDARD_LIBRARIES = YES;
				BUNDLE_LOADER = "$(TEST_HOST)";
				CODE_SIGN_STYLE = Automatic;
				CURRENT_PROJECT_VERSION = 1;
				DEVELOPMENT_TEAM = KST9GUG33Q;
				GENERATE_INFOPLIST_FILE = YES;
				IPHONEOS_DEPLOYMENT_TARGET = 17.5;
				MACOSX_DEPLOYMENT_TARGET = 14.5;
				MARKETING_VERSION = 1.0;
				PRODUCT_BUNDLE_IDENTIFIER = JoanDev.RickAndMortyTechnicalTests;
				PRODUCT_NAME = "$(TARGET_NAME)";
				SDKROOT = auto;
				SUPPORTED_PLATFORMS = "iphoneos iphonesimulator macosx";
				SWIFT_EMIT_LOC_STRINGS = NO;
				SWIFT_VERSION = 5.0;
				TARGETED_DEVICE_FAMILY = "1,2";
				TEST_HOST = "$(BUILT_PRODUCTS_DIR)/RickAndMortyTechnical.app/$(BUNDLE_EXECUTABLE_FOLDER_PATH)/RickAndMortyTechnical";
			};
			name = Release;
		};
		2E5FAC412CEB8D2100FFDF22 /* Debug */ = {
			isa = XCBuildConfiguration;
			buildSettings = {
				ALWAYS_EMBED_SWIFT_STANDARD_LIBRARIES = YES;
				CODE_SIGN_STYLE = Automatic;
				CURRENT_PROJECT_VERSION = 1;
				DEVELOPMENT_TEAM = KST9GUG33Q;
				GENERATE_INFOPLIST_FILE = YES;
				IPHONEOS_DEPLOYMENT_TARGET = 17.5;
				MACOSX_DEPLOYMENT_TARGET = 14.5;
				MARKETING_VERSION = 1.0;
				PRODUCT_BUNDLE_IDENTIFIER = JoanDev.RickAndMortyTechnicalUITests;
				PRODUCT_NAME = "$(TARGET_NAME)";
				SDKROOT = auto;
				SUPPORTED_PLATFORMS = "iphoneos iphonesimulator macosx";
				SWIFT_EMIT_LOC_STRINGS = NO;
				SWIFT_VERSION = 5.0;
				TARGETED_DEVICE_FAMILY = "1,2";
				TEST_TARGET_NAME = RickAndMortyTechnical;
			};
			name = Debug;
		};
		2E5FAC422CEB8D2100FFDF22 /* Release */ = {
			isa = XCBuildConfiguration;
			buildSettings = {
				ALWAYS_EMBED_SWIFT_STANDARD_LIBRARIES = YES;
				CODE_SIGN_STYLE = Automatic;
				CURRENT_PROJECT_VERSION = 1;
				DEVELOPMENT_TEAM = KST9GUG33Q;
				GENERATE_INFOPLIST_FILE = YES;
				IPHONEOS_DEPLOYMENT_TARGET = 17.5;
				MACOSX_DEPLOYMENT_TARGET = 14.5;
				MARKETING_VERSION = 1.0;
				PRODUCT_BUNDLE_IDENTIFIER = JoanDev.RickAndMortyTechnicalUITests;
				PRODUCT_NAME = "$(TARGET_NAME)";
				SDKROOT = auto;
				SUPPORTED_PLATFORMS = "iphoneos iphonesimulator macosx";
				SWIFT_EMIT_LOC_STRINGS = NO;
				SWIFT_VERSION = 5.0;
				TARGETED_DEVICE_FAMILY = "1,2";
				TEST_TARGET_NAME = RickAndMortyTechnical;
			};
			name = Release;
		};
/* End XCBuildConfiguration section */

/* Begin XCConfigurationList section */
		2E5FAC102CEB8D1E00FFDF22 /* Build configuration list for PBXProject "RickAndMortyTechnical" */ = {
			isa = XCConfigurationList;
			buildConfigurations = (
				2E5FAC382CEB8D2100FFDF22 /* Debug */,
				2E5FAC392CEB8D2100FFDF22 /* Release */,
			);
			defaultConfigurationIsVisible = 0;
			defaultConfigurationName = Release;
		};
		2E5FAC3A2CEB8D2100FFDF22 /* Build configuration list for PBXNativeTarget "RickAndMortyTechnical" */ = {
			isa = XCConfigurationList;
			buildConfigurations = (
				2E5FAC3B2CEB8D2100FFDF22 /* Debug */,
				2E5FAC3C2CEB8D2100FFDF22 /* Release */,
			);
			defaultConfigurationIsVisible = 0;
			defaultConfigurationName = Release;
		};
		2E5FAC3D2CEB8D2100FFDF22 /* Build configuration list for PBXNativeTarget "RickAndMortyTechnicalTests" */ = {
			isa = XCConfigurationList;
			buildConfigurations = (
				2E5FAC3E2CEB8D2100FFDF22 /* Debug */,
				2E5FAC3F2CEB8D2100FFDF22 /* Release */,
			);
			defaultConfigurationIsVisible = 0;
			defaultConfigurationName = Release;
		};
		2E5FAC402CEB8D2100FFDF22 /* Build configuration list for PBXNativeTarget "RickAndMortyTechnicalUITests" */ = {
			isa = XCConfigurationList;
			buildConfigurations = (
				2E5FAC412CEB8D2100FFDF22 /* Debug */,
				2E5FAC422CEB8D2100FFDF22 /* Release */,
			);
			defaultConfigurationIsVisible = 0;
			defaultConfigurationName = Release;
		};
/* End XCConfigurationList section */
	};
	rootObject = 2E5FAC0D2CEB8D1E00FFDF22 /* Project object */;
}
